
Microsoft Visual Studio Solution File, Format Version 12.00
# Visual Studio Version 17
VisualStudioVersion = 17.11.35431.28
MinimumVisualStudioVersion = 10.0.40219.1
Project("{FAE04EC0-301F-11D3-BF4B-00C04F79EFBC}") = "ApiProjeKamp.WebApi", "ApiProjeKamp.WebApi\ApiProjeKamp.WebApi.csproj", "{1A6D2892-AE6B-41CD-A76E-18B30308080E}"
EndProject
Project("{FAE04EC0-301F-11D3-BF4B-00C04F79EFBC}") = "ApiProjeKamp.WebUI", "ApiProjeKamp.WebUI\ApiProjeKamp.WebUI.csproj", "{ACD53CFC-B852-45DA-8736-4ECE1D2AEEAA}"
EndProject
Global
	GlobalSection(SolutionConfigurationPlatforms) = preSolution
		Debug|Any CPU = Debug|Any CPU
		Release|Any CPU = Release|Any CPU
	EndGlobalSection
	GlobalSection(ProjectConfigurationPlatforms) = postSolution
		{1A6D2892-AE6B-41CD-A76E-18B30308080E}.Debug|Any CPU.ActiveCfg = Debug|Any CPU
		{1A6D2892-AE6B-41CD-A76E-18B30308080E}.Debug|Any CPU.Build.0 = Debug|Any CPU
		{1A6D2892-AE6B-41CD-A76E-18B30308080E}.Release|Any CPU.ActiveCfg = Release|Any CPU
		{1A6D2892-AE6B-41CD-A76E-18B30308080E}.Release|Any CPU.Build.0 = Release|Any CPU
		{ACD53CFC-B852-45DA-8736-4ECE1D2AEEAA}.Debug|Any CPU.ActiveCfg = Debug|Any CPU
		{ACD53CFC-B852-45DA-8736-4ECE1D2AEEAA}.Debug|Any CPU.Build.0 = Debug|Any CPU
		{ACD53CFC-B852-45DA-8736-4ECE1D2AEEAA}.Release|Any CPU.ActiveCfg = Release|Any CPU
		{ACD53CFC-B852-45DA-8736-4ECE1D2AEEAA}.Release|Any CPU.Build.0 = Release|Any CPU
	EndGlobalSection
	GlobalSection(SolutionProperties) = preSolution
		HideSolutionNode = FALSE
	EndGlobalSection
	GlobalSection(ExtensibilityGlobals) = postSolution
		SolutionGuid = {4D75F236-C2BA-497F-8981-D4D170485424}
	EndGlobalSection
EndGlobal
